PODS:
  - FormatterKit/TimeIntervalFormatter (1.8.0)
  - MASPreferences (1.1.2)
  - Sparkle (1.14.0)

DEPENDENCIES:
  - FormatterKit/TimeIntervalFormatter (~> 1.7)
  - MASPreferences (~> 1.1.2)
  - Sparkle (~> 1.14)

SPEC CHECKSUMS:
  FormatterKit: bddde83e054edf9d9ee14f9de3b3a5103db256f4
  MASPreferences: 32d8a2c5ef1d60b63240f5676b011ff72e194cb1
  Sparkle: ccd95233b12a3e3d4eeb55ff01dd4c8bb8188b07

PODFILE CHECKSUM: bd5e35631cab24852b4596af88b3d0936db5e244

COCOAPODS: 1.1.1
