// !$*UTF8*$!
{
	archiveVersion = 1;
	classes = {
	};
	objectVersion = 77;
	objects = {

/* Begin PBXBuildFile section */
		77BA53092D9D5E2A00863476 /* NetworkExtension.framework in Frameworks */ = {isa = PBXBuildFile; fileRef = 77BA53082D9D5E2A00863476 /* NetworkExtension.framework */; };
		9A441CE32E36024E00A521CC /* com.application.SelfControl.corebits.network.systemextension in Embed System Extensions */ = {isa = PBXBuildFile; fileRef = 77BA53062D9D5E2A00863476 /* com.application.SelfControl.corebits.network.systemextension */; settings = {ATTRIBUTES = (RemoveHeadersOnCopy, ); }; };
		9A7FFB602E950837007D4A0D /* Cocoa.framework in Frameworks */ = {isa = PBXBuildFile; fileRef = 9A7FFA0B2E91950D007D4A0D /* Cocoa.framework */; };
		9A7FFB692E950837007D4A0D /* SelfControl Safari Extension.appex in Embed Foundation Extensions */ = {isa = PBXBuildFile; fileRef = 9A7FFB5F2E950837007D4A0D /* SelfControl Safari Extension.appex */; settings = {ATTRIBUTES = (RemoveHeadersOnCopy, ); }; };
/* End PBXBuildFile section */

/* Begin PBXContainerItemProxy section */
		9A441CE12E36024300A521CC /* PBXContainerItemProxy */ = {
			isa = PBXContainerItemProxy;
			containerPortal = 77BA52CE2D9D5D7700863476 /* Project object */;
			proxyType = 1;
			remoteGlobalIDString = 77BA53052D9D5E2A00863476;
			remoteInfo = SelfControlExtension;
		};
		9A7FFB672E950837007D4A0D /* PBXContainerItemProxy */ = {
			isa = PBXContainerItemProxy;
			containerPortal = 77BA52CE2D9D5D7700863476 /* Project object */;
			proxyType = 1;
			remoteGlobalIDString = 9A7FFB5E2E950837007D4A0D;
			remoteInfo = "SelfControl Safari Extension";
		};
/* End PBXContainerItemProxy section */

/* Begin PBXCopyFilesBuildPhase section */
		9A7FFA162E91950D007D4A0D /* Embed Foundation Extensions */ = {
			isa = PBXCopyFilesBuildPhase;
			buildActionMask = 2147483647;
			dstPath = "";
			dstSubfolderSpec = 13;
			files = (
				9A7FFB692E950837007D4A0D /* SelfControl Safari Extension.appex in Embed Foundation Extensions */,
			);
			name = "Embed Foundation Extensions";
			runOnlyForDeploymentPostprocessing = 0;
		};
		9AFC129E2E355671003B5455 /* Embed System Extensions */ = {
			isa = PBXCopyFilesBuildPhase;
			buildActionMask = 2147483647;
			dstPath = "$(SYSTEM_EXTENSIONS_FOLDER_PATH)";
			dstSubfolderSpec = 16;
			files = (
				9A441CE32E36024E00A521CC /* com.application.SelfControl.corebits.network.systemextension in Embed System Extensions */,
			);
			name = "Embed System Extensions";
			runOnlyForDeploymentPostprocessing = 0;
		};
/* End PBXCopyFilesBuildPhase section */

/* Begin PBXFileReference section */
		77BA52D62D9D5D7700863476 /* SelfControl.app */ = {isa = PBXFileReference; explicitFileType = wrapper.application; includeInIndex = 0; path = SelfControl.app; sourceTree = BUILT_PRODUCTS_DIR; };
		77BA53062D9D5E2A00863476 /* com.application.SelfControl.corebits.network.systemextension */ = {isa = PBXFileReference; explicitFileType = "wrapper.system-extension"; includeInIndex = 0; path = com.application.SelfControl.corebits.network.systemextension; sourceTree = BUILT_PRODUCTS_DIR; };
		77BA53082D9D5E2A00863476 /* NetworkExtension.framework */ = {isa = PBXFileReference; lastKnownFileType = wrapper.framework; name = NetworkExtension.framework; path = System/Library/Frameworks/NetworkExtension.framework; sourceTree = SDKROOT; };
		9A7FFA0B2E91950D007D4A0D /* Cocoa.framework */ = {isa = PBXFileReference; lastKnownFileType = wrapper.framework; name = Cocoa.framework; path = System/Library/Frameworks/Cocoa.framework; sourceTree = SDKROOT; };
		9A7FFB5F2E950837007D4A0D /* SelfControl Safari Extension.appex */ = {isa = PBXFileReference; explicitFileType = "wrapper.app-extension"; includeInIndex = 0; path = "SelfControl Safari Extension.appex"; sourceTree = BUILT_PRODUCTS_DIR; };
/* End PBXFileReference section */

/* Begin PBXFileSystemSynchronizedBuildFileExceptionSet section */
		77BA53142D9D5E2A00863476 /* Exceptions for "SelfControlExtension" folder in "SelfControlExtension" target */ = {
			isa = PBXFileSystemSynchronizedBuildFileExceptionSet;
			membershipExceptions = (
				DNSProxyProvider.swift,
				DNSQuestion.swift,
				Info.plist,
			);
			target = 77BA53052D9D5E2A00863476 /* SelfControlExtension */;
		};
		9A6873742E280E320054AD3F /* Exceptions for "SelfControl" folder in "SelfControlExtension" target */ = {
			isa = PBXFileSystemSynchronizedBuildFileExceptionSet;
			membershipExceptions = (
				Preferences/ProxyPreferences.swift,
			);
			target = 77BA53052D9D5E2A00863476 /* SelfControlExtension */;
		};
		9A6873762E2814B30054AD3F /* Exceptions for "SelfControlExtension" folder in "SelfControl" target */ = {
			isa = PBXFileSystemSynchronizedBuildFileExceptionSet;
			membershipExceptions = (
				BlockOrAllowList.swift,
				IPCConnection.swift,
				PlistListner.swift,
				"String+URL.swift",
			);
			target = 77BA52D52D9D5D7700863476 /* SelfControl */;
		};
		9A7FFB6D2E950837007D4A0D /* Exceptions for "SelfControl Safari Extension" folder in "SelfControl Safari Extension" target */ = {
			isa = PBXFileSystemSynchronizedBuildFileExceptionSet;
			membershipExceptions = (
				Info.plist,
			);
			target = 9A7FFB5E2E950837007D4A0D /* SelfControl Safari Extension */;
		};
/* End PBXFileSystemSynchronizedBuildFileExceptionSet section */

/* Begin PBXFileSystemSynchronizedRootGroup section */
		77BA52D82D9D5D7700863476 /* SelfControl */ = {
			isa = PBXFileSystemSynchronizedRootGroup;
			exceptions = (
				9A6873742E280E320054AD3F /* Exceptions for "SelfControl" folder in "SelfControlExtension" target */,
			);
			path = SelfControl;
			sourceTree = "<group>";
		};
		77BA530A2D9D5E2A00863476 /* SelfControlExtension */ = {
			isa = PBXFileSystemSynchronizedRootGroup;
			exceptions = (
				9A6873762E2814B30054AD3F /* Exceptions for "SelfControlExtension" folder in "SelfControl" target */,
				77BA53142D9D5E2A00863476 /* Exceptions for "SelfControlExtension" folder in "SelfControlExtension" target */,
			);
			path = SelfControlExtension;
			sourceTree = "<group>";
		};
		9A7FFB612E950837007D4A0D /* SelfControl Safari Extension */ = {
			isa = PBXFileSystemSynchronizedRootGroup;
			exceptions = (
				9A7FFB6D2E950837007D4A0D /* Exceptions for "SelfControl Safari Extension" folder in "SelfControl Safari Extension" target */,
			);
			path = "SelfControl Safari Extension";
			sourceTree = "<group>";
		};
/* End PBXFileSystemSynchronizedRootGroup section */

/* Begin PBXFrameworksBuildPhase section */
		77BA52D32D9D5D7700863476 /* Frameworks */ = {
			isa = PBXFrameworksBuildPhase;
			buildActionMask = 2147483647;
			files = (
			);
			runOnlyForDeploymentPostprocessing = 0;
		};
		77BA53032D9D5E2A00863476 /* Frameworks */ = {
			isa = PBXFrameworksBuildPhase;
			buildActionMask = 2147483647;
			files = (
				77BA53092D9D5E2A00863476 /* NetworkExtension.framework in Frameworks */,
			);
			runOnlyForDeploymentPostprocessing = 0;
		};
		9A7FFB5C2E950837007D4A0D /* Frameworks */ = {
			isa = PBXFrameworksBuildPhase;
			buildActionMask = 2147483647;
			files = (
				9A7FFB602E950837007D4A0D /* Cocoa.framework in Frameworks */,
			);
			runOnlyForDeploymentPostprocessing = 0;
		};
/* End PBXFrameworksBuildPhase section */

/* Begin PBXGroup section */
		77BA52CD2D9D5D7700863476 = {
			isa = PBXGroup;
			children = (
				77BA52D82D9D5D7700863476 /* SelfControl */,
				77BA530A2D9D5E2A00863476 /* SelfControlExtension */,
				9A7FFB612E950837007D4A0D /* SelfControl Safari Extension */,
				77BA53072D9D5E2A00863476 /* Frameworks */,
				77BA52D72D9D5D7700863476 /* Products */,
			);
			sourceTree = "<group>";
		};
		77BA52D72D9D5D7700863476 /* Products */ = {
			isa = PBXGroup;
			children = (
				77BA52D62D9D5D7700863476 /* SelfControl.app */,
				77BA53062D9D5E2A00863476 /* com.application.SelfControl.corebits.network.systemextension */,
				9A7FFB5F2E950837007D4A0D /* SelfControl Safari Extension.appex */,
			);
			name = Products;
			sourceTree = "<group>";
		};
		77BA53072D9D5E2A00863476 /* Frameworks */ = {
			isa = PBXGroup;
			children = (
				77BA53082D9D5E2A00863476 /* NetworkExtension.framework */,
				9A7FFA0B2E91950D007D4A0D /* Cocoa.framework */,
			);
			name = Frameworks;
			sourceTree = "<group>";
		};
/* End PBXGroup section */

/* Begin PBXNativeTarget section */
		77BA52D52D9D5D7700863476 /* SelfControl */ = {
			isa = PBXNativeTarget;
			buildConfigurationList = 77BA52E52D9D5D7A00863476 /* Build configuration list for PBXNativeTarget "SelfControl" */;
			buildPhases = (
				77BA52D22D9D5D7700863476 /* Sources */,
				77BA52D32D9D5D7700863476 /* Frameworks */,
				77BA52D42D9D5D7700863476 /* Resources */,
				9AFC129E2E355671003B5455 /* Embed System Extensions */,
				9A7FFA162E91950D007D4A0D /* Embed Foundation Extensions */,
			);
			buildRules = (
			);
			dependencies = (
				9A441CE22E36024300A521CC /* PBXTargetDependency */,
				9A7FFB682E950837007D4A0D /* PBXTargetDependency */,
			);
			fileSystemSynchronizedGroups = (
				77BA52D82D9D5D7700863476 /* SelfControl */,
			);
			name = SelfControl;
			packageProductDependencies = (
			);
			productName = SelfControl;
			productReference = 77BA52D62D9D5D7700863476 /* SelfControl.app */;
			productType = "com.apple.product-type.application";
		};
		77BA53052D9D5E2A00863476 /* SelfControlExtension */ = {
			isa = PBXNativeTarget;
			buildConfigurationList = 77BA53152D9D5E2A00863476 /* Build configuration list for PBXNativeTarget "SelfControlExtension" */;
			buildPhases = (
				77BA53022D9D5E2A00863476 /* Sources */,
				77BA53032D9D5E2A00863476 /* Frameworks */,
				77BA53042D9D5E2A00863476 /* Resources */,
			);
			buildRules = (
			);
			dependencies = (
			);
			fileSystemSynchronizedGroups = (
				77BA530A2D9D5E2A00863476 /* SelfControlExtension */,
			);
			name = SelfControlExtension;
			packageProductDependencies = (
			);
			productName = SelfControlExtension;
			productReference = 77BA53062D9D5E2A00863476 /* com.application.SelfControl.corebits.network.systemextension */;
			productType = "com.apple.product-type.system-extension";
		};
		9A7FFB5E2E950837007D4A0D /* SelfControl Safari Extension */ = {
			isa = PBXNativeTarget;
			buildConfigurationList = 9A7FFB6A2E950837007D4A0D /* Build configuration list for PBXNativeTarget "SelfControl Safari Extension" */;
			buildPhases = (
				9A7FFB5B2E950837007D4A0D /* Sources */,
				9A7FFB5C2E950837007D4A0D /* Frameworks */,
				9A7FFB5D2E950837007D4A0D /* Resources */,
			);
			buildRules = (
			);
			dependencies = (
			);
			fileSystemSynchronizedGroups = (
				9A7FFB612E950837007D4A0D /* SelfControl Safari Extension */,
			);
			name = "SelfControl Safari Extension";
			packageProductDependencies = (
			);
			productName = "SelfControl Safari Extension";
			productReference = 9A7FFB5F2E950837007D4A0D /* SelfControl Safari Extension.appex */;
			productType = "com.apple.product-type.app-extension";
		};
/* End PBXNativeTarget section */

/* Begin PBXProject section */
		77BA52CE2D9D5D7700863476 /* Project object */ = {
			isa = PBXProject;
			attributes = {
				BuildIndependentTargetsInParallel = 1;
				LastSwiftUpdateCheck = 2600;
				LastUpgradeCheck = 1620;
				TargetAttributes = {
					77BA52D52D9D5D7700863476 = {
						CreatedOnToolsVersion = 16.2;
					};
					77BA53052D9D5E2A00863476 = {
						CreatedOnToolsVersion = 16.2;
					};
					9A7FFB5E2E950837007D4A0D = {
						CreatedOnToolsVersion = 26.0;
					};
				};
			};
			buildConfigurationList = 77BA52D12D9D5D7700863476 /* Build configuration list for PBXProject "SelfControl" */;
			developmentRegion = en;
			hasScannedForEncodings = 0;
			knownRegions = (
				en,
				Base,
			);
			mainGroup = 77BA52CD2D9D5D7700863476;
			minimizedProjectReferenceProxies = 1;
			preferredProjectObjectVersion = 77;
			productRefGroup = 77BA52D72D9D5D7700863476 /* Products */;
			projectDirPath = "";
			projectRoot = "";
			targets = (
				77BA52D52D9D5D7700863476 /* SelfControl */,
				77BA53052D9D5E2A00863476 /* SelfControlExtension */,
				9A7FFB5E2E950837007D4A0D /* SelfControl Safari Extension */,
			);
		};
/* End PBXProject section */

/* Begin PBXResourcesBuildPhase section */
		77BA52D42D9D5D7700863476 /* Resources */ = {
			isa = PBXResourcesBuildPhase;
			buildActionMask = 2147483647;
			files = (
			);
			runOnlyForDeploymentPostprocessing = 0;
		};
		77BA53042D9D5E2A00863476 /* Resources */ = {
			isa = PBXResourcesBuildPhase;
			buildActionMask = 2147483647;
			files = (
			);
			runOnlyForDeploymentPostprocessing = 0;
		};
		9A7FFB5D2E950837007D4A0D /* Resources */ = {
			isa = PBXResourcesBuildPhase;
			buildActionMask = 2147483647;
			files = (
			);
			runOnlyForDeploymentPostprocessing = 0;
		};
/* End PBXResourcesBuildPhase section */

/* Begin PBXSourcesBuildPhase section */
		77BA52D22D9D5D7700863476 /* Sources */ = {
			isa = PBXSourcesBuildPhase;
			buildActionMask = 2147483647;
			files = (
			);
			runOnlyForDeploymentPostprocessing = 0;
		};
		77BA53022D9D5E2A00863476 /* Sources */ = {
			isa = PBXSourcesBuildPhase;
			buildActionMask = 2147483647;
			files = (
			);
			runOnlyForDeploymentPostprocessing = 0;
		};
		9A7FFB5B2E950837007D4A0D /* Sources */ = {
			isa = PBXSourcesBuildPhase;
			buildActionMask = 2147483647;
			files = (
			);
			runOnlyForDeploymentPostprocessing = 0;
		};
/* End PBXSourcesBuildPhase section */

/* Begin PBXTargetDependency section */
		9A441CE22E36024300A521CC /* PBXTargetDependency */ = {
			isa = PBXTargetDependency;
			target = 77BA53052D9D5E2A00863476 /* SelfControlExtension */;
			targetProxy = 9A441CE12E36024300A521CC /* PBXContainerItemProxy */;
		};
		9A7FFB682E950837007D4A0D /* PBXTargetDependency */ = {
			isa = PBXTargetDependency;
			target = 9A7FFB5E2E950837007D4A0D /* SelfControl Safari Extension */;
			targetProxy = 9A7FFB672E950837007D4A0D /* PBXContainerItemProxy */;
		};
/* End PBXTargetDependency section */

/* Begin XCBuildConfiguration section */
		77BA52E32D9D5D7A00863476 /* Debug */ = {
			isa = XCBuildConfiguration;
			buildSettings = {
				ALWAYS_SEARCH_USER_PATHS = NO;
				ASSETCATALOG_COMPILER_GENERATE_SWIFT_ASSET_SYMBOL_EXTENSIONS = YES;
				CLANG_ANALYZER_NONNULL = YES;
				CLANG_ANALYZER_NUMBER_OBJECT_CONVERSION = YES_AGGRESSIVE;
				CLANG_CXX_LANGUAGE_STANDARD = "gnu++20";
				CLANG_ENABLE_MODULES = YES;
				CLANG_ENABLE_OBJC_ARC = YES;
				CLANG_ENABLE_OBJC_WEAK = YES;
				CLANG_WARN_BLOCK_CAPTURE_AUTORELEASING = YES;
				CLANG_WARN_BOOL_CONVERSION = YES;
				CLANG_WARN_COMMA = YES;
				CLANG_WARN_CONSTANT_CONVERSION = YES;
				CLANG_WARN_DEPRECATED_OBJC_IMPLEMENTATIONS = YES;
				CLANG_WARN_DIRECT_OBJC_ISA_USAGE = YES_ERROR;
				CLANG_WARN_DOCUMENTATION_COMMENTS = YES;
				CLANG_WARN_EMPTY_BODY = YES;
				CLANG_WARN_ENUM_CONVERSION = YES;
				CLANG_WARN_INFINITE_RECURSION = YES;
				CLANG_WARN_INT_CONVERSION = YES;
				CLANG_WARN_NON_LITERAL_NULL_CONVERSION = YES;
				CLANG_WARN_OBJC_IMPLICIT_RETAIN_SELF = YES;
				CLANG_WARN_OBJC_LITERAL_CONVERSION = YES;
				CLANG_WARN_OBJC_ROOT_CLASS = YES_ERROR;
				CLANG_WARN_QUOTED_INCLUDE_IN_FRAMEWORK_HEADER = YES;
				CLANG_WARN_RANGE_LOOP_ANALYSIS = YES;
				CLANG_WARN_STRICT_PROTOTYPES = YES;
				CLANG_WARN_SUSPICIOUS_MOVE = YES;
				CLANG_WARN_UNGUARDED_AVAILABILITY = YES_AGGRESSIVE;
				CLANG_WARN_UNREACHABLE_CODE = YES;
				CLANG_WARN__DUPLICATE_METHOD_MATCH = YES;
				COPY_PHASE_STRIP = NO;
				DEBUG_INFORMATION_FORMAT = dwarf;
				ENABLE_STRICT_OBJC_MSGSEND = YES;
				ENABLE_TESTABILITY = YES;
				ENABLE_USER_SCRIPT_SANDBOXING = YES;
				GCC_C_LANGUAGE_STANDARD = gnu17;
				GCC_DYNAMIC_NO_PIC = NO;
				GCC_NO_COMMON_BLOCKS = YES;
				GCC_OPTIMIZATION_LEVEL = 0;
				GCC_PREPROCESSOR_DEFINITIONS = (
					"DEBUG=1",
					"$(inherited)",
				);
				GCC_WARN_64_TO_32_BIT_CONVERSION = YES;
				GCC_WARN_ABOUT_RETURN_TYPE = YES_ERROR;
				GCC_WARN_UNDECLARED_SELECTOR = YES;
				GCC_WARN_UNINITIALIZED_AUTOS = YES_AGGRESSIVE;
				GCC_WARN_UNUSED_FUNCTION = YES;
				GCC_WARN_UNUSED_VARIABLE = YES;
				LOCALIZATION_PREFERS_STRING_CATALOGS = YES;
				MACOSX_DEPLOYMENT_TARGET = 15.1;
				MTL_ENABLE_DEBUG_INFO = INCLUDE_SOURCE;
				MTL_FAST_MATH = YES;
				ONLY_ACTIVE_ARCH = YES;
				SDKROOT = macosx;
				SWIFT_ACTIVE_COMPILATION_CONDITIONS = "DEBUG $(inherited)";
				SWIFT_OPTIMIZATION_LEVEL = "-Onone";
			};
			name = Debug;
		};
		77BA52E42D9D5D7A00863476 /* Release */ = {
			isa = XCBuildConfiguration;
			buildSettings = {
				ALWAYS_SEARCH_USER_PATHS = NO;
				ASSETCATALOG_COMPILER_GENERATE_SWIFT_ASSET_SYMBOL_EXTENSIONS = YES;
				CLANG_ANALYZER_NONNULL = YES;
				CLANG_ANALYZER_NUMBER_OBJECT_CONVERSION = YES_AGGRESSIVE;
				CLANG_CXX_LANGUAGE_STANDARD = "gnu++20";
				CLANG_ENABLE_MODULES = YES;
				CLANG_ENABLE_OBJC_ARC = YES;
				CLANG_ENABLE_OBJC_WEAK = YES;
				CLANG_WARN_BLOCK_CAPTURE_AUTORELEASING = YES;
				CLANG_WARN_BOOL_CONVERSION = YES;
				CLANG_WARN_COMMA = YES;
				CLANG_WARN_CONSTANT_CONVERSION = YES;
				CLANG_WARN_DEPRECATED_OBJC_IMPLEMENTATIONS = YES;
				CLANG_WARN_DIRECT_OBJC_ISA_USAGE = YES_ERROR;
				CLANG_WARN_DOCUMENTATION_COMMENTS = YES;
				CLANG_WARN_EMPTY_BODY = YES;
				CLANG_WARN_ENUM_CONVERSION = YES;
				CLANG_WARN_INFINITE_RECURSION = YES;
				CLANG_WARN_INT_CONVERSION = YES;
				CLANG_WARN_NON_LITERAL_NULL_CONVERSION = YES;
				CLANG_WARN_OBJC_IMPLICIT_RETAIN_SELF = YES;
				CLANG_WARN_OBJC_LITERAL_CONVERSION = YES;
				CLANG_WARN_OBJC_ROOT_CLASS = YES_ERROR;
				CLANG_WARN_QUOTED_INCLUDE_IN_FRAMEWORK_HEADER = YES;
				CLANG_WARN_RANGE_LOOP_ANALYSIS = YES;
				CLANG_WARN_STRICT_PROTOTYPES = YES;
				CLANG_WARN_SUSPICIOUS_MOVE = YES;
				CLANG_WARN_UNGUARDED_AVAILABILITY = YES_AGGRESSIVE;
				CLANG_WARN_UNREACHABLE_CODE = YES;
				CLANG_WARN__DUPLICATE_METHOD_MATCH = YES;
				COPY_PHASE_STRIP = NO;
				DEBUG_INFORMATION_FORMAT = "dwarf-with-dsym";
				ENABLE_NS_ASSERTIONS = NO;
				ENABLE_STRICT_OBJC_MSGSEND = YES;
				ENABLE_USER_SCRIPT_SANDBOXING = YES;
				GCC_C_LANGUAGE_STANDARD = gnu17;
				GCC_NO_COMMON_BLOCKS = YES;
				GCC_WARN_64_TO_32_BIT_CONVERSION = YES;
				GCC_WARN_ABOUT_RETURN_TYPE = YES_ERROR;
				GCC_WARN_UNDECLARED_SELECTOR = YES;
				GCC_WARN_UNINITIALIZED_AUTOS = YES_AGGRESSIVE;
				GCC_WARN_UNUSED_FUNCTION = YES;
				GCC_WARN_UNUSED_VARIABLE = YES;
				LOCALIZATION_PREFERS_STRING_CATALOGS = YES;
				MACOSX_DEPLOYMENT_TARGET = 15.1;
				MTL_ENABLE_DEBUG_INFO = NO;
				MTL_FAST_MATH = YES;
				SDKROOT = macosx;
				SWIFT_COMPILATION_MODE = wholemodule;
			};
			name = Release;
		};
		77BA52E62D9D5D7A00863476 /* Debug */ = {
			isa = XCBuildConfiguration;
			buildSettings = {
				ASSETCATALOG_COMPILER_APPICON_NAME = AppIcon;
				ASSETCATALOG_COMPILER_GLOBAL_ACCENT_COLOR_NAME = AccentColor;
				CODE_SIGN_ENTITLEMENTS = SelfControl/SelfControl.entitlements;
				"CODE_SIGN_IDENTITY[sdk=macosx*]" = "Developer ID Application";
				CODE_SIGN_STYLE = Manual;
				COMBINE_HIDPI_IMAGES = YES;
				CURRENT_PROJECT_VERSION = 1;
				DEVELOPMENT_ASSET_PATHS = "\"SelfControl/Preview Content\"";
				DEVELOPMENT_TEAM = "";
				"DEVELOPMENT_TEAM[sdk=macosx*]" = X6FQ433AWK;
				ENABLE_APP_SANDBOX = NO;
				ENABLE_HARDENED_RUNTIME = YES;
				ENABLE_PREVIEWS = YES;
				GENERATE_INFOPLIST_FILE = NO;
				INFOPLIST_FILE = SelfControl/Info.plist;
				INFOPLIST_KEY_NSHumanReadableCopyright = "";
				LD_RUNPATH_SEARCH_PATHS = (
					"$(inherited)",
					"@executable_path/../Frameworks",
				);
				MACOSX_DEPLOYMENT_TARGET = 13.5;
				MARKETING_VERSION = 1.0;
				PRODUCT_BUNDLE_IDENTIFIER = com.application.SelfControl.corebits;
				PRODUCT_NAME = "$(TARGET_NAME)";
				PROVISIONING_PROFILE_SPECIFIER = "";
				"PROVISIONING_PROFILE_SPECIFIER[sdk=macosx*]" = "Self Control app dev";
				SWIFT_EMIT_LOC_STRINGS = YES;
				SWIFT_VERSION = 5.0;
			};
			name = Debug;
		};
		77BA52E72D9D5D7A00863476 /* Release */ = {
			isa = XCBuildConfiguration;
			buildSettings = {
				ASSETCATALOG_COMPILER_APPICON_NAME = AppIcon;
				ASSETCATALOG_COMPILER_GLOBAL_ACCENT_COLOR_NAME = AccentColor;
				CODE_SIGN_ENTITLEMENTS = SelfControl/SelfControl.entitlements;
				"CODE_SIGN_IDENTITY[sdk=macosx*]" = "Developer ID Application";
				CODE_SIGN_STYLE = Manual;
				COMBINE_HIDPI_IMAGES = YES;
				CURRENT_PROJECT_VERSION = 1;
				DEVELOPMENT_ASSET_PATHS = "\"SelfControl/Preview Content\"";
				DEVELOPMENT_TEAM = "";
				"DEVELOPMENT_TEAM[sdk=macosx*]" = X6FQ433AWK;
				ENABLE_APP_SANDBOX = NO;
				ENABLE_HARDENED_RUNTIME = YES;
				ENABLE_PREVIEWS = YES;
				GENERATE_INFOPLIST_FILE = NO;
				INFOPLIST_FILE = SelfControl/Info.plist;
				INFOPLIST_KEY_NSHumanReadableCopyright = "";
				LD_RUNPATH_SEARCH_PATHS = (
					"$(inherited)",
					"@executable_path/../Frameworks",
				);
				MACOSX_DEPLOYMENT_TARGET = 13.5;
				MARKETING_VERSION = 1.0;
				PRODUCT_BUNDLE_IDENTIFIER = com.application.SelfControl.corebits;
				PRODUCT_NAME = "$(TARGET_NAME)";
				PROVISIONING_PROFILE_SPECIFIER = "";
				"PROVISIONING_PROFILE_SPECIFIER[sdk=macosx*]" = "Self Control app dev";
				SWIFT_EMIT_LOC_STRINGS = YES;
				SWIFT_VERSION = 5.0;
			};
			name = Release;
		};
		77BA53162D9D5E2A00863476 /* Debug */ = {
			isa = XCBuildConfiguration;
			buildSettings = {
				CODE_SIGN_ENTITLEMENTS = SelfControlExtension/SelfControlExtension.entitlements;
				CODE_SIGN_IDENTITY = "Developer ID Application";
				CODE_SIGN_STYLE = Manual;
				CURRENT_PROJECT_VERSION = 1;
				DEVELOPMENT_TEAM = X6FQ433AWK;
				"DEVELOPMENT_TEAM[sdk=macosx*]" = X6FQ433AWK;
				ENABLE_APP_SANDBOX = NO;
				ENABLE_HARDENED_RUNTIME = YES;
				GENERATE_INFOPLIST_FILE = YES;
				INFOPLIST_FILE = SelfControlExtension/Info.plist;
				INFOPLIST_KEY_CFBundleDisplayName = SelfControlExtension;
				INFOPLIST_KEY_NSHumanReadableCopyright = "";
				INFOPLIST_KEY_NSLocalNetworkUsageDescription = "DNS lookup";
				INFOPLIST_KEY_NSSystemExtensionUsageDescription = "testing extension";
				LD_RUNPATH_SEARCH_PATHS = (
					"$(inherited)",
					"@executable_path/../Frameworks",
					"@executable_path/../../../../Frameworks",
				);
				MACOSX_DEPLOYMENT_TARGET = 13.5;
				MARKETING_VERSION = 1.0;
				OTHER_LDFLAGS = "-lbsm";
				PRODUCT_BUNDLE_IDENTIFIER = com.application.SelfControl.corebits.network;
				PRODUCT_NAME = "$(inherited)";
				"PROVISIONING_PROFILE_SPECIFIER[sdk=macosx*]" = "Self Control Dev ext";
				SKIP_INSTALL = YES;
				SWIFT_EMIT_LOC_STRINGS = YES;
				SWIFT_VERSION = 5.0;
			};
			name = Debug;
		};
		77BA53172D9D5E2A00863476 /* Release */ = {
			isa = XCBuildConfiguration;
			buildSettings = {
				CODE_SIGN_ENTITLEMENTS = SelfControlExtension/SelfControlExtension.entitlements;
				CODE_SIGN_IDENTITY = "Developer ID Application";
				CODE_SIGN_STYLE = Manual;
				CURRENT_PROJECT_VERSION = 1;
				DEVELOPMENT_TEAM = X6FQ433AWK;
				"DEVELOPMENT_TEAM[sdk=macosx*]" = X6FQ433AWK;
				ENABLE_APP_SANDBOX = NO;
				ENABLE_HARDENED_RUNTIME = YES;
				GENERATE_INFOPLIST_FILE = YES;
				INFOPLIST_FILE = SelfControlExtension/Info.plist;
				INFOPLIST_KEY_CFBundleDisplayName = SelfControlExtension;
				INFOPLIST_KEY_NSHumanReadableCopyright = "";
				INFOPLIST_KEY_NSLocalNetworkUsageDescription = "DNS lookup";
				INFOPLIST_KEY_NSSystemExtensionUsageDescription = "testing extension";
				LD_RUNPATH_SEARCH_PATHS = (
					"$(inherited)",
					"@executable_path/../Frameworks",
					"@executable_path/../../../../Frameworks",
				);
				MACOSX_DEPLOYMENT_TARGET = 13.5;
				MARKETING_VERSION = 1.0;
				OTHER_LDFLAGS = "-lbsm";
				PRODUCT_BUNDLE_IDENTIFIER = com.application.SelfControl.corebits.network;
				PRODUCT_NAME = "$(inherited)";
				"PROVISIONING_PROFILE_SPECIFIER[sdk=macosx*]" = "Self Control Dev ext";
				SKIP_INSTALL = YES;
				SWIFT_EMIT_LOC_STRINGS = YES;
				SWIFT_VERSION = 5.0;
			};
			name = Release;
		};
		9A7FFB6B2E950837007D4A0D /* Debug */ = {
			isa = XCBuildConfiguration;
			buildSettings = {
				CODE_SIGN_ENTITLEMENTS = "SelfControl Safari Extension/SelfControl Safari Extension.entitlements";
				"CODE_SIGN_IDENTITY[sdk=macosx*]" = "Developer ID Application";
				CODE_SIGN_STYLE = Manual;
				CURRENT_PROJECT_VERSION = 1;
				DEVELOPMENT_TEAM = X6FQ433AWK;
				"DEVELOPMENT_TEAM[sdk=macosx*]" = X6FQ433AWK;
				ENABLE_APP_SANDBOX = YES;
				ENABLE_HARDENED_RUNTIME = YES;
				ENABLE_INCOMING_NETWORK_CONNECTIONS = NO;
				ENABLE_OUTGOING_NETWORK_CONNECTIONS = YES;
				ENABLE_RESOURCE_ACCESS_AUDIO_INPUT = NO;
				ENABLE_RESOURCE_ACCESS_BLUETOOTH = NO;
				ENABLE_RESOURCE_ACCESS_CALENDARS = NO;
				ENABLE_RESOURCE_ACCESS_CAMERA = NO;
				ENABLE_RESOURCE_ACCESS_CONTACTS = NO;
				ENABLE_RESOURCE_ACCESS_LOCATION = NO;
				ENABLE_RESOURCE_ACCESS_PRINTING = NO;
				ENABLE_RESOURCE_ACCESS_USB = NO;
				ENABLE_USER_SELECTED_FILES = readonly;
				GENERATE_INFOPLIST_FILE = YES;
				INFOPLIST_FILE = "SelfControl Safari Extension/Info.plist";
				INFOPLIST_KEY_CFBundleDisplayName = "SelfControl Safari Extension";
				INFOPLIST_KEY_NSHumanReadableCopyright = "";
				LD_RUNPATH_SEARCH_PATHS = (
					"$(inherited)",
					"@executable_path/../Frameworks",
					"@executable_path/../../../../Frameworks",
				);
				MACOSX_DEPLOYMENT_TARGET = 13.5;
				MARKETING_VERSION = 1.0;
				PRODUCT_BUNDLE_IDENTIFIER = "com.application.SelfControl.corebits.SelfControl-Safari-Extension";
				PRODUCT_NAME = "$(TARGET_NAME)";
				PROVISIONING_PROFILE_SPECIFIER = "";
				"PROVISIONING_PROFILE_SPECIFIER[sdk=macosx*]" = "SelfControl Dev Net Ext";
				REGISTER_APP_GROUPS = YES;
				SKIP_INSTALL = YES;
				STRING_CATALOG_GENERATE_SYMBOLS = YES;
				SWIFT_APPROACHABLE_CONCURRENCY = YES;
				SWIFT_EMIT_LOC_STRINGS = YES;
				SWIFT_UPCOMING_FEATURE_MEMBER_IMPORT_VISIBILITY = YES;
				SWIFT_VERSION = 5.0;
			};
			name = Debug;
		};
		9A7FFB6C2E950837007D4A0D /* Release */ = {
			isa = XCBuildConfiguration;
			buildSettings = {
				CODE_SIGN_ENTITLEMENTS = "SelfControl Safari Extension/SelfControl Safari Extension.entitlements";
				"CODE_SIGN_IDENTITY[sdk=macosx*]" = "Developer ID Application";
				CODE_SIGN_STYLE = Manual;
				CURRENT_PROJECT_VERSION = 1;
				DEVELOPMENT_TEAM = X6FQ433AWK;
				"DEVELOPMENT_TEAM[sdk=macosx*]" = X6FQ433AWK;
				ENABLE_APP_SANDBOX = YES;
				ENABLE_HARDENED_RUNTIME = YES;
				ENABLE_INCOMING_NETWORK_CONNECTIONS = NO;
				ENABLE_OUTGOING_NETWORK_CONNECTIONS = YES;
				ENABLE_RESOURCE_ACCESS_AUDIO_INPUT = NO;
				ENABLE_RESOURCE_ACCESS_BLUETOOTH = NO;
				ENABLE_RESOURCE_ACCESS_CALENDARS = NO;
				ENABLE_RESOURCE_ACCESS_CAMERA = NO;
				ENABLE_RESOURCE_ACCESS_CONTACTS = NO;
				ENABLE_RESOURCE_ACCESS_LOCATION = NO;
				ENABLE_RESOURCE_ACCESS_PRINTING = NO;
				ENABLE_RESOURCE_ACCESS_USB = NO;
				ENABLE_USER_SELECTED_FILES = readonly;
				GENERATE_INFOPLIST_FILE = YES;
				INFOPLIST_FILE = "SelfControl Safari Extension/Info.plist";
				INFOPLIST_KEY_CFBundleDisplayName = "SelfControl Safari Extension";
				INFOPLIST_KEY_NSHumanReadableCopyright = "";
				LD_RUNPATH_SEARCH_PATHS = (
					"$(inherited)",
					"@executable_path/../Frameworks",
					"@executable_path/../../../../Frameworks",
				);
				MACOSX_DEPLOYMENT_TARGET = 13.5;
				MARKETING_VERSION = 1.0;
				PRODUCT_BUNDLE_IDENTIFIER = "com.application.SelfControl.corebits.SelfControl-Safari-Extension";
				PRODUCT_NAME = "$(TARGET_NAME)";
				PROVISIONING_PROFILE_SPECIFIER = "";
				"PROVISIONING_PROFILE_SPECIFIER[sdk=macosx*]" = "SelfControl Dev Net Ext";
				REGISTER_APP_GROUPS = YES;
				SKIP_INSTALL = YES;
				STRING_CATALOG_GENERATE_SYMBOLS = YES;
				SWIFT_APPROACHABLE_CONCURRENCY = YES;
				SWIFT_EMIT_LOC_STRINGS = YES;
				SWIFT_UPCOMING_FEATURE_MEMBER_IMPORT_VISIBILITY = YES;
				SWIFT_VERSION = 5.0;
			};
			name = Release;
		};
/* End XCBuildConfiguration section */

/* Begin XCConfigurationList section */
		77BA52D12D9D5D7700863476 /* Build configuration list for PBXProject "SelfControl" */ = {
			isa = XCConfigurationList;
			buildConfigurations = (
				77BA52E32D9D5D7A00863476 /* Debug */,
				77BA52E42D9D5D7A00863476 /* Release */,
			);
			defaultConfigurationIsVisible = 0;
			defaultConfigurationName = Release;
		};
		77BA52E52D9D5D7A00863476 /* Build configuration list for PBXNativeTarget "SelfControl" */ = {
			isa = XCConfigurationList;
			buildConfigurations = (
				77BA52E62D9D5D7A00863476 /* Debug */,
				77BA52E72D9D5D7A00863476 /* Release */,
			);
			defaultConfigurationIsVisible = 0;
			defaultConfigurationName = Release;
		};
		77BA53152D9D5E2A00863476 /* Build configuration list for PBXNativeTarget "SelfControlExtension" */ = {
			isa = XCConfigurationList;
			buildConfigurations = (
				77BA53162D9D5E2A00863476 /* Debug */,
				77BA53172D9D5E2A00863476 /* Release */,
			);
			defaultConfigurationIsVisible = 0;
			defaultConfigurationName = Release;
		};
		9A7FFB6A2E950837007D4A0D /* Build configuration list for PBXNativeTarget "SelfControl Safari Extension" */ = {
			isa = XCConfigurationList;
			buildConfigurations = (
				9A7FFB6B2E950837007D4A0D /* Debug */,
				9A7FFB6C2E950837007D4A0D /* Release */,
			);
			defaultConfigurationIsVisible = 0;
			defaultConfigurationName = Release;
		};
/* End XCConfigurationList section */
	};
	rootObject = 77BA52CE2D9D5D7700863476 /* Project object */;
}
